
Microsoft Visual Studio Solution File, Format Version 12.00
# Visual Studio 2012
Project("{FAE04EC0-301F-11D3-BF4B-00C04F79EFBC}") = "GameOfLife_Fsm", "GameOfLife\GameOfLife_Fsm.csproj", "{729E984A-A98B-4483-9A50-41C1887BB553}"
EndProject
Project("{FAE04EC0-301F-11D3-BF4B-00C04F79EFBC}") = "GameOfLife_FsmTests", "GameOfLifeTests\GameOfLife_FsmTests.csproj", "{AA2184B8-97DA-4F4C-87E4-D6722922DB86}"
EndProject
Global
	GlobalSection(SolutionConfigurationPlatforms) = preSolution
		Debug|Any CPU = Debug|Any CPU
		Release|Any CPU = Release|Any CPU
	EndGlobalSection
	GlobalSection(ProjectConfigurationPlatforms) = postSolution
		{729E984A-A98B-4483-9A50-41C1887BB553}.Debug|Any CPU.ActiveCfg = Debug|Any CPU
		{729E984A-A98B-4483-9A50-41C1887BB553}.Debug|Any CPU.Build.0 = Debug|Any CPU
		{729E984A-A98B-4483-9A50-41C1887BB553}.Release|Any CPU.ActiveCfg = Release|Any CPU
		{729E984A-A98B-4483-9A50-41C1887BB553}.Release|Any CPU.Build.0 = Release|Any CPU
		{AA2184B8-97DA-4F4C-87E4-D6722922DB86}.Debug|Any CPU.ActiveCfg = Debug|Any CPU
		{AA2184B8-97DA-4F4C-87E4-D6722922DB86}.Debug|Any CPU.Build.0 = Debug|Any CPU
		{AA2184B8-97DA-4F4C-87E4-D6722922DB86}.Release|Any CPU.ActiveCfg = Release|Any CPU
		{AA2184B8-97DA-4F4C-87E4-D6722922DB86}.Release|Any CPU.Build.0 = Release|Any CPU
	EndGlobalSection
	GlobalSection(SolutionProperties) = preSolution
		HideSolutionNode = FALSE
	EndGlobalSection
EndGlobal
